
Microsoft Visual Studio Solution File, Format Version 12.00
# Visual Studio 15
VisualStudioVersion = 15.0.28307.421
MinimumVisualStudioVersion = 10.0.40219.1
Project("{888888A0-9F3D-457C-B088-3A5042F75D52}") = "class--", "class--.pyproj", "{4324A67D-8FB9-49A1-BDE6-CDFCAD86F9EB}"
EndProject
Global
	GlobalSection(SolutionConfigurationPlatforms) = preSolution
		Debug|Any CPU = Debug|Any CPU
		Release|Any CPU = Release|Any CPU
	EndGlobalSection
	GlobalSection(ProjectConfigurationPlatforms) = postSolution
		{4324A67D-8FB9-49A1-BDE6-CDFCAD86F9EB}.Debug|Any CPU.ActiveCfg = Debug|Any CPU
		{4324A67D-8FB9-49A1-BDE6-CDFCAD86F9EB}.Release|Any CPU.ActiveCfg = Release|Any CPU
	EndGlobalSection
	GlobalSection(SolutionProperties) = preSolution
		HideSolutionNode = FALSE
	EndGlobalSection
	GlobalSection(ExtensibilityGlobals) = postSolution
		SolutionGuid = {80996550-0CE1-4E34-83E9-EC0F772EA454}
	EndGlobalSection
EndGlobal
